
Microsoft Visual Studio Solution File, Format Version 12.00
# Visual Studio 15
VisualStudioVersion = 15.0.28307.1321
MinimumVisualStudioVersion = 10.0.40219.1
Project("{8BC9CEB8-8B4A-11D0-8D11-00A0C91BC942}") = "tengine", "tengine\tengine.vcxproj", "{5577D43D-984E-4A15-A588-829824DE84B1}"
EndProject
Project("{2150E333-8FDC-42A3-9474-1A3956D46DE8}") = "examples", "examples", "{6EB9791F-088E-4ADF-B477-BE29E423361D}"
EndProject
Project("{8BC9CEB8-8B4A-11D0-8D11-00A0C91BC942}") = "tm_retinaface", "tm_retinaface\tm_retinaface.vcxproj", "{C4C8BA32-AB30-49FC-BA04-510C6EF73417}"
EndProject
Project("{8BC9CEB8-8B4A-11D0-8D11-00A0C91BC942}") = "tm_yolov5s", "tm_yolov5s\tm_yolov5s.vcxproj", "{6BA39680-4C42-4292-A125-F95C4B9E043C}"
EndProject
Project("{8BC9CEB8-8B4A-11D0-8D11-00A0C91BC942}") = "tm_yolov5s_uint8", "tm_yolov5s_uint8\tm_yolov5s_uint8.vcxproj", "{153F613D-FA2C-46D8-8348-AE44BD05E8C4}"
EndProject
Project("{8BC9CEB8-8B4A-11D0-8D11-00A0C91BC942}") = "tm_yolov3_tiny", "tm_yolov3_tiny\tm_yolov3_tiny.vcxproj", "{2F808853-9797-4DDE-98BA-21BD016ABE6A}"
EndProject
Project("{8BC9CEB8-8B4A-11D0-8D11-00A0C91BC942}") = "tm_yolov3", "tm_yolov3\tm_yolov3.vcxproj", "{A9C81C3E-428F-40E4-B10D-37C158EC775B}"
EndProject
Global
	GlobalSection(SolutionConfigurationPlatforms) = preSolution
		Debug|x64 = Debug|x64
		Debug|x86 = Debug|x86
		Release|x64 = Release|x64
		Release|x86 = Release|x86
	EndGlobalSection
	GlobalSection(ProjectConfigurationPlatforms) = postSolution
		{5577D43D-984E-4A15-A588-829824DE84B1}.Debug|x64.ActiveCfg = Debug|x64
		{5577D43D-984E-4A15-A588-829824DE84B1}.Debug|x64.Build.0 = Debug|x64
		{5577D43D-984E-4A15-A588-829824DE84B1}.Debug|x86.ActiveCfg = Debug|Win32
		{5577D43D-984E-4A15-A588-829824DE84B1}.Debug|x86.Build.0 = Debug|Win32
		{5577D43D-984E-4A15-A588-829824DE84B1}.Release|x64.ActiveCfg = Release|x64
		{5577D43D-984E-4A15-A588-829824DE84B1}.Release|x64.Build.0 = Release|x64
		{5577D43D-984E-4A15-A588-829824DE84B1}.Release|x86.ActiveCfg = Release|Win32
		{5577D43D-984E-4A15-A588-829824DE84B1}.Release|x86.Build.0 = Release|Win32
		{C4C8BA32-AB30-49FC-BA04-510C6EF73417}.Debug|x64.ActiveCfg = Debug|x64
		{C4C8BA32-AB30-49FC-BA04-510C6EF73417}.Debug|x64.Build.0 = Debug|x64
		{C4C8BA32-AB30-49FC-BA04-510C6EF73417}.Debug|x86.ActiveCfg = Debug|Win32
		{C4C8BA32-AB30-49FC-BA04-510C6EF73417}.Debug|x86.Build.0 = Debug|Win32
		{C4C8BA32-AB30-49FC-BA04-510C6EF73417}.Release|x64.ActiveCfg = Release|x64
		{C4C8BA32-AB30-49FC-BA04-510C6EF73417}.Release|x64.Build.0 = Release|x64
		{C4C8BA32-AB30-49FC-BA04-510C6EF73417}.Release|x86.ActiveCfg = Release|Win32
		{C4C8BA32-AB30-49FC-BA04-510C6EF73417}.Release|x86.Build.0 = Release|Win32
		{6BA39680-4C42-4292-A125-F95C4B9E043C}.Debug|x64.ActiveCfg = Debug|x64
		{6BA39680-4C42-4292-A125-F95C4B9E043C}.Debug|x64.Build.0 = Debug|x64
		{6BA39680-4C42-4292-A125-F95C4B9E043C}.Debug|x86.ActiveCfg = Debug|Win32
		{6BA39680-4C42-4292-A125-F95C4B9E043C}.Debug|x86.Build.0 = Debug|Win32
		{6BA39680-4C42-4292-A125-F95C4B9E043C}.Release|x64.ActiveCfg = Release|x64
		{6BA39680-4C42-4292-A125-F95C4B9E043C}.Release|x64.Build.0 = Release|x64
		{6BA39680-4C42-4292-A125-F95C4B9E043C}.Release|x86.ActiveCfg = Release|Win32
		{6BA39680-4C42-4292-A125-F95C4B9E043C}.Release|x86.Build.0 = Release|Win32
		{153F613D-FA2C-46D8-8348-AE44BD05E8C4}.Debug|x64.ActiveCfg = Debug|x64
		{153F613D-FA2C-46D8-8348-AE44BD05E8C4}.Debug|x64.Build.0 = Debug|x64
		{153F613D-FA2C-46D8-8348-AE44BD05E8C4}.Debug|x86.ActiveCfg = Debug|Win32
		{153F613D-FA2C-46D8-8348-AE44BD05E8C4}.Debug|x86.Build.0 = Debug|Win32
		{153F613D-FA2C-46D8-8348-AE44BD05E8C4}.Release|x64.ActiveCfg = Release|x64
		{153F613D-FA2C-46D8-8348-AE44BD05E8C4}.Release|x64.Build.0 = Release|x64
		{153F613D-FA2C-46D8-8348-AE44BD05E8C4}.Release|x86.ActiveCfg = Release|Win32
		{153F613D-FA2C-46D8-8348-AE44BD05E8C4}.Release|x86.Build.0 = Release|Win32
		{2F808853-9797-4DDE-98BA-21BD016ABE6A}.Debug|x64.ActiveCfg = Debug|x64
		{2F808853-9797-4DDE-98BA-21BD016ABE6A}.Debug|x64.Build.0 = Debug|x64
		{2F808853-9797-4DDE-98BA-21BD016ABE6A}.Debug|x86.ActiveCfg = Debug|Win32
		{2F808853-9797-4DDE-98BA-21BD016ABE6A}.Debug|x86.Build.0 = Debug|Win32
		{2F808853-9797-4DDE-98BA-21BD016ABE6A}.Release|x64.ActiveCfg = Release|x64
		{2F808853-9797-4DDE-98BA-21BD016ABE6A}.Release|x64.Build.0 = Release|x64
		{2F808853-9797-4DDE-98BA-21BD016ABE6A}.Release|x86.ActiveCfg = Release|Win32
		{2F808853-9797-4DDE-98BA-21BD016ABE6A}.Release|x86.Build.0 = Release|Win32
		{A9C81C3E-428F-40E4-B10D-37C158EC775B}.Debug|x64.ActiveCfg = Debug|x64
		{A9C81C3E-428F-40E4-B10D-37C158EC775B}.Debug|x64.Build.0 = Debug|x64
		{A9C81C3E-428F-40E4-B10D-37C158EC775B}.Debug|x86.ActiveCfg = Debug|Win32
		{A9C81C3E-428F-40E4-B10D-37C158EC775B}.Debug|x86.Build.0 = Debug|Win32
		{A9C81C3E-428F-40E4-B10D-37C158EC775B}.Release|x64.ActiveCfg = Release|x64
		{A9C81C3E-428F-40E4-B10D-37C158EC775B}.Release|x64.Build.0 = Release|x64
		{A9C81C3E-428F-40E4-B10D-37C158EC775B}.Release|x86.ActiveCfg = Release|Win32
		{A9C81C3E-428F-40E4-B10D-37C158EC775B}.Release|x86.Build.0 = Release|Win32
	EndGlobalSection
	GlobalSection(SolutionProperties) = preSolution
		HideSolutionNode = FALSE
	EndGlobalSection
	GlobalSection(NestedProjects) = preSolution
		{C4C8BA32-AB30-49FC-BA04-510C6EF73417} = {6EB9791F-088E-4ADF-B477-BE29E423361D}
		{6BA39680-4C42-4292-A125-F95C4B9E043C} = {6EB9791F-088E-4ADF-B477-BE29E423361D}
		{153F613D-FA2C-46D8-8348-AE44BD05E8C4} = {6EB9791F-088E-4ADF-B477-BE29E423361D}
		{2F808853-9797-4DDE-98BA-21BD016ABE6A} = {6EB9791F-088E-4ADF-B477-BE29E423361D}
		{A9C81C3E-428F-40E4-B10D-37C158EC775B} = {6EB9791F-088E-4ADF-B477-BE29E423361D}
	EndGlobalSection
	GlobalSection(ExtensibilityGlobals) = postSolution
		SolutionGuid = {6DC69BEF-1BC6-455E-A8E4-DE3CB3E33302}
	EndGlobalSection
EndGlobal
