<?xml version="1.0" encoding="utf-8"?>
<Project ToolsVersion="4.0" xmlns="http://schemas.microsoft.com/developer/msbuild/2003">
  <ItemGroup>
    <Filter Include="源文件">
      <UniqueIdentifier>{4FC737F1-C7A5-4376-A066-2A32D752A2FF}</UniqueIdentifier>
      <Extensions>cpp;c;cc;cxx;def;odl;idl;hpj;bat;asm;asmx</Extensions>
    </Filter>
    <Filter Include="头文件">
      <UniqueIdentifier>{93995380-89BD-4b04-88EB-625FBE52EBFB}</UniqueIdentifier>
      <Extensions>h;hh;hpp;hxx;hm;inl;inc;ipp;xsd</Extensions>
    </Filter>
    <Filter Include="资源文件">
      <UniqueIdentifier>{67DA6AB6-F800-4c08-8B7A-83BB121AAD01}</UniqueIdentifier>
      <Extensions>rc;ico;cur;bmp;dlg;rc2;rct;bin;rgs;gif;jpg;jpeg;jpe;resx;tiff;tif;png;wav;mfcribbon-ms</Extensions>
    </Filter>
    <Filter Include="头文件\common">
      <UniqueIdentifier>{9183b9d1-13d0-4183-9f6d-edcbe7042b17}</UniqueIdentifier>
    </Filter>
    <Filter Include="源文件\common">
      <UniqueIdentifier>{92ea3755-74ac-4fb7-b4c3-7f3f4608bfe4}</UniqueIdentifier>
    </Filter>
    <Filter Include="头文件\imilab">
      <UniqueIdentifier>{ef051136-c8fd-4e9f-bfc5-d8583f17ed74}</UniqueIdentifier>
    </Filter>
  </ItemGroup>
  <ItemGroup>
    <ClInclude Include="..\..\examples\common\common.h">
      <Filter>头文件\common</Filter>
    </ClInclude>
    <ClInclude Include="..\..\examples\common\msc_getopt.h">
      <Filter>头文件\common</Filter>
    </ClInclude>
    <ClInclude Include="..\..\examples\common\stb_image.h">
      <Filter>头文件\common</Filter>
    </ClInclude>
    <ClInclude Include="..\..\examples\common\stb_image_write.h">
      <Filter>头文件\common</Filter>
    </ClInclude>
    <ClInclude Include="..\..\examples\common\tengine_operations.h">
      <Filter>头文件\common</Filter>
    </ClInclude>
    <ClInclude Include="..\..\examples\common\test_nnie_all.hpp">
      <Filter>头文件\common</Filter>
    </ClInclude>
    <ClInclude Include="..\..\examples\imilab\imi_utils_coco.h">
      <Filter>头文件\imilab</Filter>
    </ClInclude>
    <ClInclude Include="..\..\examples\imilab\imi_utils_common.hpp">
      <Filter>头文件\imilab</Filter>
    </ClInclude>
    <ClInclude Include="..\..\examples\imilab\imi_utils_elog.h">
      <Filter>头文件\imilab</Filter>
    </ClInclude>
    <ClInclude Include="..\..\examples\imilab\imi_utils_imread.h">
      <Filter>头文件\imilab</Filter>
    </ClInclude>
    <ClInclude Include="..\..\examples\imilab\imi_utils_object.hpp">
      <Filter>头文件\imilab</Filter>
    </ClInclude>
    <ClInclude Include="..\..\examples\imilab\imi_utils_tm.h">
      <Filter>头文件\imilab</Filter>
    </ClInclude>
    <ClInclude Include="..\..\examples\imilab\imi_utils_types.hpp">
      <Filter>头文件\imilab</Filter>
    </ClInclude>
    <ClInclude Include="..\..\examples\imilab\imi_utils_visual.hpp">
      <Filter>头文件\imilab</Filter>
    </ClInclude>
    <ClInclude Include="..\..\examples\imilab\imi_utils_yolov5.hpp">
      <Filter>头文件\imilab</Filter>
    </ClInclude>
    <ClInclude Include="..\..\examples\imilab\imi_utils_tm_debug.h">
      <Filter>头文件\imilab</Filter>
    </ClInclude>
    <ClInclude Include="..\..\examples\imilab\imi_utils_tm-inl.h">
      <Filter>头文件\imilab</Filter>
    </ClInclude>
    <ClInclude Include="..\..\examples\imilab\imi_utils_yolov3.hpp">
      <Filter>头文件\imilab</Filter>
    </ClInclude>
    <ClInclude Include="..\..\examples\imilab\imi_utils_tm_quant.h">
      <Filter>头文件\imilab</Filter>
    </ClInclude>
  </ItemGroup>
  <ItemGroup>
    <ClCompile Include="..\..\examples\common\tengine_operations.c">
      <Filter>源文件\common</Filter>
    </ClCompile>
    <ClCompile Include="..\..\imilab\tm_yolov5s_.cpp">
      <Filter>源文件</Filter>
    </ClCompile>
  </ItemGroup>
</Project>